
Microsoft Visual Studio Solution File, Format Version 12.00
# Visual Studio Version 17
VisualStudioVersion = 17.11.35312.102
MinimumVisualStudioVersion = 10.0.40219.1
Project("{9A19103F-16F7-4668-BE54-9A1E7A4F7556}") = "BlazorCrud.Library", "BlazorCrud.Library\BlazorCrud.Library.csproj", "{FC6C13C5-FBE5-491C-957E-5FFABC587C0B}"
EndProject
Project("{9A19103F-16F7-4668-BE54-9A1E7A4F7556}") = "BlazorCrud.Api", "BlazorCrud.Api\BlazorCrud.Api.csproj", "{C55353CD-A08A-4033-9CDD-3A786844C397}"
EndProject
Project("{9A19103F-16F7-4668-BE54-9A1E7A4F7556}") = "BlazorCrud.WASM", "BlazorCrud.WASM\BlazorCrud.WASM.csproj", "{5ACAE8D3-2F84-4AED-9D77-3A8178E8C26B}"
EndProject
Global
	GlobalSection(SolutionConfigurationPlatforms) = preSolution
		Debug|Any CPU = Debug|Any CPU
		Release|Any CPU = Release|Any CPU
	EndGlobalSection
	GlobalSection(ProjectConfigurationPlatforms) = postSolution
		{FC6C13C5-FBE5-491C-957E-5FFABC587C0B}.Debug|Any CPU.ActiveCfg = Debug|Any CPU
		{FC6C13C5-FBE5-491C-957E-5FFABC587C0B}.Debug|Any CPU.Build.0 = Debug|Any CPU
		{FC6C13C5-FBE5-491C-957E-5FFABC587C0B}.Release|Any CPU.ActiveCfg = Release|Any CPU
		{FC6C13C5-FBE5-491C-957E-5FFABC587C0B}.Release|Any CPU.Build.0 = Release|Any CPU
		{C55353CD-A08A-4033-9CDD-3A786844C397}.Debug|Any CPU.ActiveCfg = Debug|Any CPU
		{C55353CD-A08A-4033-9CDD-3A786844C397}.Debug|Any CPU.Build.0 = Debug|Any CPU
		{C55353CD-A08A-4033-9CDD-3A786844C397}.Release|Any CPU.ActiveCfg = Release|Any CPU
		{C55353CD-A08A-4033-9CDD-3A786844C397}.Release|Any CPU.Build.0 = Release|Any CPU
		{5ACAE8D3-2F84-4AED-9D77-3A8178E8C26B}.Debug|Any CPU.ActiveCfg = Debug|Any CPU
		{5ACAE8D3-2F84-4AED-9D77-3A8178E8C26B}.Debug|Any CPU.Build.0 = Debug|Any CPU
		{5ACAE8D3-2F84-4AED-9D77-3A8178E8C26B}.Release|Any CPU.ActiveCfg = Release|Any CPU
		{5ACAE8D3-2F84-4AED-9D77-3A8178E8C26B}.Release|Any CPU.Build.0 = Release|Any CPU
	EndGlobalSection
	GlobalSection(SolutionProperties) = preSolution
		HideSolutionNode = FALSE
	EndGlobalSection
	GlobalSection(ExtensibilityGlobals) = postSolution
		SolutionGuid = {E2B2ADC0-42E0-420B-B493-8C1F05891DB1}
	EndGlobalSection
EndGlobal
